// !$*UTF8*$!
{
	archiveVersion = 1;
	classes = {
	};
	objectVersion = 56;
	objects = {

/* Begin PBXBuildFile section */
		1772B97A2BE7E74800B21C37 /* AppDelegate.swift in Sources */ = {isa = PBXBuildFile; fileRef = 1772B9792BE7E74800B21C37 /* AppDelegate.swift */; };
		1772B97C2BE7E74800B21C37 /* SceneDelegate.swift in Sources */ = {isa = PBXBuildFile; fileRef = 1772B97B2BE7E74800B21C37 /* SceneDelegate.swift */; };
		1772B97E2BE7E74800B21C37 /* Anasayfa.swift in Sources */ = {isa = PBXBuildFile; fileRef = 1772B97D2BE7E74800B21C37 /* Anasayfa.swift */; };
		1772B9812BE7E74800B21C37 /* Base in Resources */ = {isa = PBXBuildFile; fileRef = 1772B9802BE7E74800B21C37 /* Base */; };
		1772B9832BE7E74900B21C37 /* Assets.xcassets in Resources */ = {isa = PBXBuildFile; fileRef = 1772B9822BE7E74900B21C37 /* Assets.xcassets */; };
		1772B9862BE7E74900B21C37 /* Base in Resources */ = {isa = PBXBuildFile; fileRef = 1772B9852BE7E74900B21C37 /* Base */; };
		1772B9912BE7E93400B21C37 /* Kisiler.swift in Sources */ = {isa = PBXBuildFile; fileRef = 1772B9902BE7E93400B21C37 /* Kisiler.swift */; };
		1772B9942BE7EAE900B21C37 /* KisiKayit.swift in Sources */ = {isa = PBXBuildFile; fileRef = 1772B9932BE7EAE900B21C37 /* KisiKayit.swift */; };
		1772B9962BE7EAFB00B21C37 /* KisiDetay.swift in Sources */ = {isa = PBXBuildFile; fileRef = 1772B9952BE7EAFB00B21C37 /* KisiDetay.swift */; };
		1772B9BD2BEA8CD700B21C37 /* KisilerHucreTableViewCell.swift in Sources */ = {isa = PBXBuildFile; fileRef = 1772B9BC2BEA8CD700B21C37 /* KisilerHucreTableViewCell.swift */; };
		17B30D872BF3C51C0068B0A1 /* RxSwift in Frameworks */ = {isa = PBXBuildFile; productRef = 17B30D862BF3C51C0068B0A1 /* RxSwift */; };
		17B30D8A2BF3C6810068B0A1 /* Repository.swift in Sources */ = {isa = PBXBuildFile; fileRef = 17B30D892BF3C6810068B0A1 /* Repository.swift */; };
		17B30D8D2BF3C6D00068B0A1 /* AnasayfaViewModel.swift in Sources */ = {isa = PBXBuildFile; fileRef = 17B30D8C2BF3C6D00068B0A1 /* AnasayfaViewModel.swift */; };
		17B30D8F2BF3C6DD0068B0A1 /* KisiKayıtViewModel.swift in Sources */ = {isa = PBXBuildFile; fileRef = 17B30D8E2BF3C6DD0068B0A1 /* KisiKayıtViewModel.swift */; };
		17B30D912BF3C6E80068B0A1 /* KisiDetayViewModel.swift in Sources */ = {isa = PBXBuildFile; fileRef = 17B30D902BF3C6E80068B0A1 /* KisiDetayViewModel.swift */; };
		17B30DB32BF3E1AB0068B0A1 /* rehber.sqlite in Resources */ = {isa = PBXBuildFile; fileRef = 17B30DB22BF3E1AB0068B0A1 /* rehber.sqlite */; };
		17B30DC02BF3E2B70068B0A1 /* FMResultSet.m in Sources */ = {isa = PBXBuildFile; fileRef = 17B30DB62BF3E2B60068B0A1 /* FMResultSet.m */; };
		17B30DC12BF3E2B70068B0A1 /* FMDatabasePool.m in Sources */ = {isa = PBXBuildFile; fileRef = 17B30DB82BF3E2B70068B0A1 /* FMDatabasePool.m */; };
		17B30DC22BF3E2B70068B0A1 /* FMDatabaseAdditions.m in Sources */ = {isa = PBXBuildFile; fileRef = 17B30DB92BF3E2B70068B0A1 /* FMDatabaseAdditions.m */; };
		17B30DC32BF3E2B70068B0A1 /* FMDatabaseQueue.m in Sources */ = {isa = PBXBuildFile; fileRef = 17B30DBA2BF3E2B70068B0A1 /* FMDatabaseQueue.m */; };
		17B30DC42BF3E2B70068B0A1 /* FMDatabase.m in Sources */ = {isa = PBXBuildFile; fileRef = 17B30DBC2BF3E2B70068B0A1 /* FMDatabase.m */; };
/* End PBXBuildFile section */

/* Begin PBXFileReference section */
		1772B9762BE7E74800B21C37 /* KisilerApp.app */ = {isa = PBXFileReference; explicitFileType = wrapper.application; includeInIndex = 0; path = KisilerApp.app; sourceTree = BUILT_PRODUCTS_DIR; };
		1772B9792BE7E74800B21C37 /* AppDelegate.swift */ = {isa = PBXFileReference; lastKnownFileType = sourcecode.swift; path = AppDelegate.swift; sourceTree = "<group>"; };
		1772B97B2BE7E74800B21C37 /* SceneDelegate.swift */ = {isa = PBXFileReference; lastKnownFileType = sourcecode.swift; path = SceneDelegate.swift; sourceTree = "<group>"; };
		1772B97D2BE7E74800B21C37 /* Anasayfa.swift */ = {isa = PBXFileReference; lastKnownFileType = sourcecode.swift; path = Anasayfa.swift; sourceTree = "<group>"; };
		1772B9802BE7E74800B21C37 /* Base */ = {isa = PBXFileReference; lastKnownFileType = file.storyboard; name = Base; path = Base.lproj/Main.storyboard; sourceTree = "<group>"; };
		1772B9822BE7E74900B21C37 /* Assets.xcassets */ = {isa = PBXFileReference; lastKnownFileType = folder.assetcatalog; path = Assets.xcassets; sourceTree = "<group>"; };
		1772B9852BE7E74900B21C37 /* Base */ = {isa = PBXFileReference; lastKnownFileType = file.storyboard; name = Base; path = Base.lproj/LaunchScreen.storyboard; sourceTree = "<group>"; };
		1772B9872BE7E74900B21C37 /* Info.plist */ = {isa = PBXFileReference; lastKnownFileType = text.plist.xml; path = Info.plist; sourceTree = "<group>"; };
		1772B9902BE7E93400B21C37 /* Kisiler.swift */ = {isa = PBXFileReference; lastKnownFileType = sourcecode.swift; path = Kisiler.swift; sourceTree = "<group>"; };
		1772B9932BE7EAE900B21C37 /* KisiKayit.swift */ = {isa = PBXFileReference; lastKnownFileType = sourcecode.swift; path = KisiKayit.swift; sourceTree = "<group>"; };
		1772B9952BE7EAFB00B21C37 /* KisiDetay.swift */ = {isa = PBXFileReference; lastKnownFileType = sourcecode.swift; path = KisiDetay.swift; sourceTree = "<group>"; };
		1772B9BC2BEA8CD700B21C37 /* KisilerHucreTableViewCell.swift */ = {isa = PBXFileReference; lastKnownFileType = sourcecode.swift; path = KisilerHucreTableViewCell.swift; sourceTree = "<group>"; };
		17B30D892BF3C6810068B0A1 /* Repository.swift */ = {isa = PBXFileReference; lastKnownFileType = sourcecode.swift; path = Repository.swift; sourceTree = "<group>"; };
		17B30D8C2BF3C6D00068B0A1 /* AnasayfaViewModel.swift */ = {isa = PBXFileReference; lastKnownFileType = sourcecode.swift; path = AnasayfaViewModel.swift; sourceTree = "<group>"; };
		17B30D8E2BF3C6DD0068B0A1 /* KisiKayıtViewModel.swift */ = {isa = PBXFileReference; lastKnownFileType = sourcecode.swift; path = "KisiKayıtViewModel.swift"; sourceTree = "<group>"; };
		17B30D902BF3C6E80068B0A1 /* KisiDetayViewModel.swift */ = {isa = PBXFileReference; lastKnownFileType = sourcecode.swift; path = KisiDetayViewModel.swift; sourceTree = "<group>"; };
		17B30DB22BF3E1AB0068B0A1 /* rehber.sqlite */ = {isa = PBXFileReference; lastKnownFileType = file; path = rehber.sqlite; sourceTree = "<group>"; };
		17B30DB42BF3E2B60068B0A1 /* KisilerApp-Bridging-Header.h */ = {isa = PBXFileReference; lastKnownFileType = sourcecode.c.h; path = "KisilerApp-Bridging-Header.h"; sourceTree = "<group>"; };
		17B30DB52BF3E2B60068B0A1 /* FMDatabase.h */ = {isa = PBXFileReference; fileEncoding = 4; lastKnownFileType = sourcecode.c.h; path = FMDatabase.h; sourceTree = "<group>"; };
		17B30DB62BF3E2B60068B0A1 /* FMResultSet.m */ = {isa = PBXFileReference; fileEncoding = 4; lastKnownFileType = sourcecode.c.objc; path = FMResultSet.m; sourceTree = "<group>"; };
		17B30DB72BF3E2B70068B0A1 /* FMDatabasePool.h */ = {isa = PBXFileReference; fileEncoding = 4; lastKnownFileType = sourcecode.c.h; path = FMDatabasePool.h; sourceTree = "<group>"; };
		17B30DB82BF3E2B70068B0A1 /* FMDatabasePool.m */ = {isa = PBXFileReference; fileEncoding = 4; lastKnownFileType = sourcecode.c.objc; path = FMDatabasePool.m; sourceTree = "<group>"; };
		17B30DB92BF3E2B70068B0A1 /* FMDatabaseAdditions.m */ = {isa = PBXFileReference; fileEncoding = 4; lastKnownFileType = sourcecode.c.objc; path = FMDatabaseAdditions.m; sourceTree = "<group>"; };
		17B30DBA2BF3E2B70068B0A1 /* FMDatabaseQueue.m */ = {isa = PBXFileReference; fileEncoding = 4; lastKnownFileType = sourcecode.c.objc; path = FMDatabaseQueue.m; sourceTree = "<group>"; };
		17B30DBB2BF3E2B70068B0A1 /* FMDatabaseAdditions.h */ = {isa = PBXFileReference; fileEncoding = 4; lastKnownFileType = sourcecode.c.h; path = FMDatabaseAdditions.h; sourceTree = "<group>"; };
		17B30DBC2BF3E2B70068B0A1 /* FMDatabase.m */ = {isa = PBXFileReference; fileEncoding = 4; lastKnownFileType = sourcecode.c.objc; path = FMDatabase.m; sourceTree = "<group>"; };
		17B30DBD2BF3E2B70068B0A1 /* FMResultSet.h */ = {isa = PBXFileReference; fileEncoding = 4; lastKnownFileType = sourcecode.c.h; path = FMResultSet.h; sourceTree = "<group>"; };
		17B30DBE2BF3E2B70068B0A1 /* FMDatabaseQueue.h */ = {isa = PBXFileReference; fileEncoding = 4; lastKnownFileType = sourcecode.c.h; path = FMDatabaseQueue.h; sourceTree = "<group>"; };
		17B30DBF2BF3E2B70068B0A1 /* FMDB.h */ = {isa = PBXFileReference; fileEncoding = 4; lastKnownFileType = sourcecode.c.h; path = FMDB.h; sourceTree = "<group>"; };
/* End PBXFileReference section */

/* Begin PBXFrameworksBuildPhase section */
		1772B9732BE7E74800B21C37 /* Frameworks */ = {
			isa = PBXFrameworksBuildPhase;
			buildActionMask = 2147483647;
			files = (
				17B30D872BF3C51C0068B0A1 /* RxSwift in Frameworks */,
			);
			runOnlyForDeploymentPostprocessing = 0;
		};
/* End PBXFrameworksBuildPhase section */

/* Begin PBXGroup section */
		1772B96D2BE7E74800B21C37 = {
			isa = PBXGroup;
			children = (
				1772B9782BE7E74800B21C37 /* KisilerApp */,
				1772B9772BE7E74800B21C37 /* Products */,
			);
			sourceTree = "<group>";
		};
		1772B9772BE7E74800B21C37 /* Products */ = {
			isa = PBXGroup;
			children = (
				1772B9762BE7E74800B21C37 /* KisilerApp.app */,
			);
			name = Products;
			sourceTree = "<group>";
		};
		1772B9782BE7E74800B21C37 /* KisilerApp */ = {
			isa = PBXGroup;
			children = (
				1772B9792BE7E74800B21C37 /* AppDelegate.swift */,
				1772B97B2BE7E74800B21C37 /* SceneDelegate.swift */,
				1772B98E2BE7E8A300B21C37 /* Data */,
				1772B98D2BE7E89900B21C37 /* Interface */,
				1772B97F2BE7E74800B21C37 /* Main.storyboard */,
				1772B9822BE7E74900B21C37 /* Assets.xcassets */,
				1772B9842BE7E74900B21C37 /* LaunchScreen.storyboard */,
				1772B9872BE7E74900B21C37 /* Info.plist */,
				17B30DB52BF3E2B60068B0A1 /* FMDatabase.h */,
				17B30DBC2BF3E2B70068B0A1 /* FMDatabase.m */,
				17B30DBB2BF3E2B70068B0A1 /* FMDatabaseAdditions.h */,
				17B30DB92BF3E2B70068B0A1 /* FMDatabaseAdditions.m */,
				17B30DB72BF3E2B70068B0A1 /* FMDatabasePool.h */,
				17B30DB82BF3E2B70068B0A1 /* FMDatabasePool.m */,
				17B30DBE2BF3E2B70068B0A1 /* FMDatabaseQueue.h */,
				17B30DBA2BF3E2B70068B0A1 /* FMDatabaseQueue.m */,
				17B30DBF2BF3E2B70068B0A1 /* FMDB.h */,
				17B30DBD2BF3E2B70068B0A1 /* FMResultSet.h */,
				17B30DB62BF3E2B60068B0A1 /* FMResultSet.m */,
				17B30DB22BF3E1AB0068B0A1 /* rehber.sqlite */,
				17B30DB42BF3E2B60068B0A1 /* KisilerApp-Bridging-Header.h */,
			);
			path = KisilerApp;
			sourceTree = "<group>";
		};
		1772B98D2BE7E89900B21C37 /* Interface */ = {
			isa = PBXGroup;
			children = (
				17B30D8B2BF3C6B40068B0A1 /* Viewmodel */,
				1772B9BB2BEA8CA400B21C37 /* TableView */,
				1772B9922BE7EA4A00B21C37 /* Views */,
			);
			path = Interface;
			sourceTree = "<group>";
		};
		1772B98E2BE7E8A300B21C37 /* Data */ = {
			isa = PBXGroup;
			children = (
				17B30D882BF3C6710068B0A1 /* Repo */,
				1772B98F2BE7E8E400B21C37 /* Entity */,
			);
			path = Data;
			sourceTree = "<group>";
		};
		1772B98F2BE7E8E400B21C37 /* Entity */ = {
			isa = PBXGroup;
			children = (
				1772B9902BE7E93400B21C37 /* Kisiler.swift */,
			);
			path = Entity;
			sourceTree = "<group>";
		};
		1772B9922BE7EA4A00B21C37 /* Views */ = {
			isa = PBXGroup;
			children = (
				1772B97D2BE7E74800B21C37 /* Anasayfa.swift */,
				1772B9932BE7EAE900B21C37 /* KisiKayit.swift */,
				1772B9952BE7EAFB00B21C37 /* KisiDetay.swift */,
			);
			path = Views;
			sourceTree = "<group>";
		};
		1772B9BB2BEA8CA400B21C37 /* TableView */ = {
			isa = PBXGroup;
			children = (
				1772B9BC2BEA8CD700B21C37 /* KisilerHucreTableViewCell.swift */,
			);
			path = TableView;
			sourceTree = "<group>";
		};
		17B30D882BF3C6710068B0A1 /* Repo */ = {
			isa = PBXGroup;
			children = (
				17B30D892BF3C6810068B0A1 /* Repository.swift */,
			);
			path = Repo;
			sourceTree = "<group>";
		};
		17B30D8B2BF3C6B40068B0A1 /* Viewmodel */ = {
			isa = PBXGroup;
			children = (
				17B30D8C2BF3C6D00068B0A1 /* AnasayfaViewModel.swift */,
				17B30D8E2BF3C6DD0068B0A1 /* KisiKayıtViewModel.swift */,
				17B30D902BF3C6E80068B0A1 /* KisiDetayViewModel.swift */,
			);
			path = Viewmodel;
			sourceTree = "<group>";
		};
/* End PBXGroup section */

/* Begin PBXNativeTarget section */
		1772B9752BE7E74800B21C37 /* KisilerApp */ = {
			isa = PBXNativeTarget;
			buildConfigurationList = 1772B98A2BE7E74900B21C37 /* Build configuration list for PBXNativeTarget "KisilerApp" */;
			buildPhases = (
				1772B9722BE7E74800B21C37 /* Sources */,
				1772B9732BE7E74800B21C37 /* Frameworks */,
				1772B9742BE7E74800B21C37 /* Resources */,
			);
			buildRules = (
			);
			dependencies = (
			);
			name = KisilerApp;
			packageProductDependencies = (
				17B30D862BF3C51C0068B0A1 /* RxSwift */,
			);
			productName = KisilerApp;
			productReference = 1772B9762BE7E74800B21C37 /* KisilerApp.app */;
			productType = "com.apple.product-type.application";
		};
/* End PBXNativeTarget section */

/* Begin PBXProject section */
		1772B96E2BE7E74800B21C37 /* Project object */ = {
			isa = PBXProject;
			attributes = {
				BuildIndependentTargetsInParallel = 1;
				LastSwiftUpdateCheck = 1530;
				LastUpgradeCheck = 1530;
				TargetAttributes = {
					1772B9752BE7E74800B21C37 = {
						CreatedOnToolsVersion = 15.3;
						LastSwiftMigration = 1530;
					};
				};
			};
			buildConfigurationList = 1772B9712BE7E74800B21C37 /* Build configuration list for PBXProject "KisilerApp" */;
			compatibilityVersion = "Xcode 14.0";
			developmentRegion = en;
			hasScannedForEncodings = 0;
			knownRegions = (
				en,
				Base,
			);
			mainGroup = 1772B96D2BE7E74800B21C37;
			packageReferences = (
				17B30D852BF3C51C0068B0A1 /* XCRemoteSwiftPackageReference "RxSwift" */,
			);
			productRefGroup = 1772B9772BE7E74800B21C37 /* Products */;
			projectDirPath = "";
			projectRoot = "";
			targets = (
				1772B9752BE7E74800B21C37 /* KisilerApp */,
			);
		};
/* End PBXProject section */

/* Begin PBXResourcesBuildPhase section */
		1772B9742BE7E74800B21C37 /* Resources */ = {
			isa = PBXResourcesBuildPhase;
			buildActionMask = 2147483647;
			files = (
				1772B9832BE7E74900B21C37 /* Assets.xcassets in Resources */,
				17B30DB32BF3E1AB0068B0A1 /* rehber.sqlite in Resources */,
				1772B9862BE7E74900B21C37 /* Base in Resources */,
				1772B9812BE7E74800B21C37 /* Base in Resources */,
			);
			runOnlyForDeploymentPostprocessing = 0;
		};
/* End PBXResourcesBuildPhase section */

/* Begin PBXSourcesBuildPhase section */
		1772B9722BE7E74800B21C37 /* Sources */ = {
			isa = PBXSourcesBuildPhase;
			buildActionMask = 2147483647;
			files = (
				1772B97E2BE7E74800B21C37 /* Anasayfa.swift in Sources */,
				1772B9962BE7EAFB00B21C37 /* KisiDetay.swift in Sources */,
				17B30DC12BF3E2B70068B0A1 /* FMDatabasePool.m in Sources */,
				1772B9942BE7EAE900B21C37 /* KisiKayit.swift in Sources */,
				17B30D8A2BF3C6810068B0A1 /* Repository.swift in Sources */,
				17B30DC32BF3E2B70068B0A1 /* FMDatabaseQueue.m in Sources */,
				17B30DC22BF3E2B70068B0A1 /* FMDatabaseAdditions.m in Sources */,
				1772B97A2BE7E74800B21C37 /* AppDelegate.swift in Sources */,
				17B30D8F2BF3C6DD0068B0A1 /* KisiKayıtViewModel.swift in Sources */,
				17B30DC02BF3E2B70068B0A1 /* FMResultSet.m in Sources */,
				17B30D912BF3C6E80068B0A1 /* KisiDetayViewModel.swift in Sources */,
				17B30D8D2BF3C6D00068B0A1 /* AnasayfaViewModel.swift in Sources */,
				1772B97C2BE7E74800B21C37 /* SceneDelegate.swift in Sources */,
				1772B9BD2BEA8CD700B21C37 /* KisilerHucreTableViewCell.swift in Sources */,
				1772B9912BE7E93400B21C37 /* Kisiler.swift in Sources */,
				17B30DC42BF3E2B70068B0A1 /* FMDatabase.m in Sources */,
			);
			runOnlyForDeploymentPostprocessing = 0;
		};
/* End PBXSourcesBuildPhase section */

/* Begin PBXVariantGroup section */
		1772B97F2BE7E74800B21C37 /* Main.storyboard */ = {
			isa = PBXVariantGroup;
			children = (
				1772B9802BE7E74800B21C37 /* Base */,
			);
			name = Main.storyboard;
			sourceTree = "<group>";
		};
		1772B9842BE7E74900B21C37 /* LaunchScreen.storyboard */ = {
			isa = PBXVariantGroup;
			children = (
				1772B9852BE7E74900B21C37 /* Base */,
			);
			name = LaunchScreen.storyboard;
			sourceTree = "<group>";
		};
/* End PBXVariantGroup section */

/* Begin XCBuildConfiguration section */
		1772B9882BE7E74900B21C37 /* Debug */ = {
			isa = XCBuildConfiguration;
			buildSettings = {
				ALWAYS_SEARCH_USER_PATHS = NO;
				ASSETCATALOG_COMPILER_GENERATE_SWIFT_ASSET_SYMBOL_EXTENSIONS = YES;
				CLANG_ANALYZER_NONNULL = YES;
				CLANG_ANALYZER_NUMBER_OBJECT_CONVERSION = YES_AGGRESSIVE;
				CLANG_CXX_LANGUAGE_STANDARD = "gnu++20";
				CLANG_ENABLE_MODULES = YES;
				CLANG_ENABLE_OBJC_ARC = YES;
				CLANG_ENABLE_OBJC_WEAK = YES;
				CLANG_WARN_BLOCK_CAPTURE_AUTORELEASING = YES;
				CLANG_WARN_BOOL_CONVERSION = YES;
				CLANG_WARN_COMMA = YES;
				CLANG_WARN_CONSTANT_CONVERSION = YES;
				CLANG_WARN_DEPRECATED_OBJC_IMPLEMENTATIONS = YES;
				CLANG_WARN_DIRECT_OBJC_ISA_USAGE = YES_ERROR;
				CLANG_WARN_DOCUMENTATION_COMMENTS = YES;
				CLANG_WARN_EMPTY_BODY = YES;
				CLANG_WARN_ENUM_CONVERSION = YES;
				CLANG_WARN_INFINITE_RECURSION = YES;
				CLANG_WARN_INT_CONVERSION = YES;
				CLANG_WARN_NON_LITERAL_NULL_CONVERSION = YES;
				CLANG_WARN_OBJC_IMPLICIT_RETAIN_SELF = YES;
				CLANG_WARN_OBJC_LITERAL_CONVERSION = YES;
				CLANG_WARN_OBJC_ROOT_CLASS = YES_ERROR;
				CLANG_WARN_QUOTED_INCLUDE_IN_FRAMEWORK_HEADER = YES;
				CLANG_WARN_RANGE_LOOP_ANALYSIS = YES;
				CLANG_WARN_STRICT_PROTOTYPES = YES;
				CLANG_WARN_SUSPICIOUS_MOVE = YES;
				CLANG_WARN_UNGUARDED_AVAILABILITY = YES_AGGRESSIVE;
				CLANG_WARN_UNREACHABLE_CODE = YES;
				CLANG_WARN__DUPLICATE_METHOD_MATCH = YES;
				COPY_PHASE_STRIP = NO;
				DEBUG_INFORMATION_FORMAT = dwarf;
				ENABLE_STRICT_OBJC_MSGSEND = YES;
				ENABLE_TESTABILITY = YES;
				ENABLE_USER_SCRIPT_SANDBOXING = YES;
				GCC_C_LANGUAGE_STANDARD = gnu17;
				GCC_DYNAMIC_NO_PIC = NO;
				GCC_NO_COMMON_BLOCKS = YES;
				GCC_OPTIMIZATION_LEVEL = 0;
				GCC_PREPROCESSOR_DEFINITIONS = (
					"DEBUG=1",
					"$(inherited)",
				);
				GCC_WARN_64_TO_32_BIT_CONVERSION = YES;
				GCC_WARN_ABOUT_RETURN_TYPE = YES_ERROR;
				GCC_WARN_UNDECLARED_SELECTOR = YES;
				GCC_WARN_UNINITIALIZED_AUTOS = YES_AGGRESSIVE;
				GCC_WARN_UNUSED_FUNCTION = YES;
				GCC_WARN_UNUSED_VARIABLE = YES;
				IPHONEOS_DEPLOYMENT_TARGET = 17.4;
				LOCALIZATION_PREFERS_STRING_CATALOGS = YES;
				MTL_ENABLE_DEBUG_INFO = INCLUDE_SOURCE;
				MTL_FAST_MATH = YES;
				ONLY_ACTIVE_ARCH = YES;
				SDKROOT = iphoneos;
				SWIFT_ACTIVE_COMPILATION_CONDITIONS = "DEBUG $(inherited)";
				SWIFT_OPTIMIZATION_LEVEL = "-Onone";
			};
			name = Debug;
		};
		1772B9892BE7E74900B21C37 /* Release */ = {
			isa = XCBuildConfiguration;
			buildSettings = {
				ALWAYS_SEARCH_USER_PATHS = NO;
				ASSETCATALOG_COMPILER_GENERATE_SWIFT_ASSET_SYMBOL_EXTENSIONS = YES;
				CLANG_ANALYZER_NONNULL = YES;
				CLANG_ANALYZER_NUMBER_OBJECT_CONVERSION = YES_AGGRESSIVE;
				CLANG_CXX_LANGUAGE_STANDARD = "gnu++20";
				CLANG_ENABLE_MODULES = YES;
				CLANG_ENABLE_OBJC_ARC = YES;
				CLANG_ENABLE_OBJC_WEAK = YES;
				CLANG_WARN_BLOCK_CAPTURE_AUTORELEASING = YES;
				CLANG_WARN_BOOL_CONVERSION = YES;
				CLANG_WARN_COMMA = YES;
				CLANG_WARN_CONSTANT_CONVERSION = YES;
				CLANG_WARN_DEPRECATED_OBJC_IMPLEMENTATIONS = YES;
				CLANG_WARN_DIRECT_OBJC_ISA_USAGE = YES_ERROR;
				CLANG_WARN_DOCUMENTATION_COMMENTS = YES;
				CLANG_WARN_EMPTY_BODY = YES;
				CLANG_WARN_ENUM_CONVERSION = YES;
				CLANG_WARN_INFINITE_RECURSION = YES;
				CLANG_WARN_INT_CONVERSION = YES;
				CLANG_WARN_NON_LITERAL_NULL_CONVERSION = YES;
				CLANG_WARN_OBJC_IMPLICIT_RETAIN_SELF = YES;
				CLANG_WARN_OBJC_LITERAL_CONVERSION = YES;
				CLANG_WARN_OBJC_ROOT_CLASS = YES_ERROR;
				CLANG_WARN_QUOTED_INCLUDE_IN_FRAMEWORK_HEADER = YES;
				CLANG_WARN_RANGE_LOOP_ANALYSIS = YES;
				CLANG_WARN_STRICT_PROTOTYPES = YES;
				CLANG_WARN_SUSPICIOUS_MOVE = YES;
				CLANG_WARN_UNGUARDED_AVAILABILITY = YES_AGGRESSIVE;
				CLANG_WARN_UNREACHABLE_CODE = YES;
				CLANG_WARN__DUPLICATE_METHOD_MATCH = YES;
				COPY_PHASE_STRIP = NO;
				DEBUG_INFORMATION_FORMAT = "dwarf-with-dsym";
				ENABLE_NS_ASSERTIONS = NO;
				ENABLE_STRICT_OBJC_MSGSEND = YES;
				ENABLE_USER_SCRIPT_SANDBOXING = YES;
				GCC_C_LANGUAGE_STANDARD = gnu17;
				GCC_NO_COMMON_BLOCKS = YES;
				GCC_WARN_64_TO_32_BIT_CONVERSION = YES;
				GCC_WARN_ABOUT_RETURN_TYPE = YES_ERROR;
				GCC_WARN_UNDECLARED_SELECTOR = YES;
				GCC_WARN_UNINITIALIZED_AUTOS = YES_AGGRESSIVE;
				GCC_WARN_UNUSED_FUNCTION = YES;
				GCC_WARN_UNUSED_VARIABLE = YES;
				IPHONEOS_DEPLOYMENT_TARGET = 17.4;
				LOCALIZATION_PREFERS_STRING_CATALOGS = YES;
				MTL_ENABLE_DEBUG_INFO = NO;
				MTL_FAST_MATH = YES;
				SDKROOT = iphoneos;
				SWIFT_COMPILATION_MODE = wholemodule;
				VALIDATE_PRODUCT = YES;
			};
			name = Release;
		};
		1772B98B2BE7E74900B21C37 /* Debug */ = {
			isa = XCBuildConfiguration;
			buildSettings = {
				ASSETCATALOG_COMPILER_APPICON_NAME = AppIcon;
				ASSETCATALOG_COMPILER_GLOBAL_ACCENT_COLOR_NAME = AccentColor;
				CLANG_ENABLE_MODULES = YES;
				CODE_SIGN_STYLE = Automatic;
				CURRENT_PROJECT_VERSION = 1;
				DEVELOPMENT_TEAM = PDGSV55NXV;
				GENERATE_INFOPLIST_FILE = YES;
				INFOPLIST_FILE = KisilerApp/Info.plist;
				INFOPLIST_KEY_UIApplicationSupportsIndirectInputEvents = YES;
				INFOPLIST_KEY_UILaunchStoryboardName = LaunchScreen;
				INFOPLIST_KEY_UIMainStoryboardFile = Main;
				INFOPLIST_KEY_UISupportedInterfaceOrientations_iPad = "UIInterfaceOrientationPortrait UIInterfaceOrientationPortraitUpsideDown UIInterfaceOrientationLandscapeLeft UIInterfaceOrientationLandscapeRight";
				INFOPLIST_KEY_UISupportedInterfaceOrientations_iPhone = "UIInterfaceOrientationPortrait UIInterfaceOrientationLandscapeLeft UIInterfaceOrientationLandscapeRight";
				LD_RUNPATH_SEARCH_PATHS = (
					"$(inherited)",
					"@executable_path/Frameworks",
				);
				MARKETING_VERSION = 1.0;
				PRODUCT_BUNDLE_IDENTIFIER = com.omerkeskin.KisilerApp;
				PRODUCT_NAME = "$(TARGET_NAME)";
				SWIFT_EMIT_LOC_STRINGS = YES;
				SWIFT_OBJC_BRIDGING_HEADER = "KisilerApp/KisilerApp-Bridging-Header.h";
				SWIFT_OPTIMIZATION_LEVEL = "-Onone";
				SWIFT_VERSION = 5.0;
				TARGETED_DEVICE_FAMILY = "1,2";
			};
			name = Debug;
		};
		1772B98C2BE7E74900B21C37 /* Release */ = {
			isa = XCBuildConfiguration;
			buildSettings = {
				ASSETCATALOG_COMPILER_APPICON_NAME = AppIcon;
				ASSETCATALOG_COMPILER_GLOBAL_ACCENT_COLOR_NAME = AccentColor;
				CLANG_ENABLE_MODULES = YES;
				CODE_SIGN_STYLE = Automatic;
				CURRENT_PROJECT_VERSION = 1;
				DEVELOPMENT_TEAM = PDGSV55NXV;
				GENERATE_INFOPLIST_FILE = YES;
				INFOPLIST_FILE = KisilerApp/Info.plist;
				INFOPLIST_KEY_UIApplicationSupportsIndirectInputEvents = YES;
				INFOPLIST_KEY_UILaunchStoryboardName = LaunchScreen;
				INFOPLIST_KEY_UIMainStoryboardFile = Main;
				INFOPLIST_KEY_UISupportedInterfaceOrientations_iPad = "UIInterfaceOrientationPortrait UIInterfaceOrientationPortraitUpsideDown UIInterfaceOrientationLandscapeLeft UIInterfaceOrientationLandscapeRight";
				INFOPLIST_KEY_UISupportedInterfaceOrientations_iPhone = "UIInterfaceOrientationPortrait UIInterfaceOrientationLandscapeLeft UIInterfaceOrientationLandscapeRight";
				LD_RUNPATH_SEARCH_PATHS = (
					"$(inherited)",
					"@executable_path/Frameworks",
				);
				MARKETING_VERSION = 1.0;
				PRODUCT_BUNDLE_IDENTIFIER = com.omerkeskin.KisilerApp;
				PRODUCT_NAME = "$(TARGET_NAME)";
				SWIFT_EMIT_LOC_STRINGS = YES;
				SWIFT_OBJC_BRIDGING_HEADER = "KisilerApp/KisilerApp-Bridging-Header.h";
				SWIFT_VERSION = 5.0;
				TARGETED_DEVICE_FAMILY = "1,2";
			};
			name = Release;
		};
/* End XCBuildConfiguration section */

/* Begin XCConfigurationList section */
		1772B9712BE7E74800B21C37 /* Build configuration list for PBXProject "KisilerApp" */ = {
			isa = XCConfigurationList;
			buildConfigurations = (
				1772B9882BE7E74900B21C37 /* Debug */,
				1772B9892BE7E74900B21C37 /* Release */,
			);
			defaultConfigurationIsVisible = 0;
			defaultConfigurationName = Release;
		};
		1772B98A2BE7E74900B21C37 /* Build configuration list for PBXNativeTarget "KisilerApp" */ = {
			isa = XCConfigurationList;
			buildConfigurations = (
				1772B98B2BE7E74900B21C37 /* Debug */,
				1772B98C2BE7E74900B21C37 /* Release */,
			);
			defaultConfigurationIsVisible = 0;
			defaultConfigurationName = Release;
		};
/* End XCConfigurationList section */

/* Begin XCRemoteSwiftPackageReference section */
		17B30D852BF3C51C0068B0A1 /* XCRemoteSwiftPackageReference "RxSwift" */ = {
			isa = XCRemoteSwiftPackageReference;
			repositoryURL = "https://github.com/ReactiveX/RxSwift.git";
			requirement = {
				kind = upToNextMajorVersion;
				minimumVersion = 6.7.1;
			};
		};
/* End XCRemoteSwiftPackageReference section */

/* Begin XCSwiftPackageProductDependency section */
		17B30D862BF3C51C0068B0A1 /* RxSwift */ = {
			isa = XCSwiftPackageProductDependency;
			package = 17B30D852BF3C51C0068B0A1 /* XCRemoteSwiftPackageReference "RxSwift" */;
			productName = RxSwift;
		};
/* End XCSwiftPackageProductDependency section */
	};
	rootObject = 1772B96E2BE7E74800B21C37 /* Project object */;
}
